
Microsoft Visual Studio Solution File, Format Version 12.00
# Visual Studio 15
VisualStudioVersion = 15.0.26228.4
MinimumVisualStudioVersion = 10.0.40219.1
Project("{FAE04EC0-301F-11D3-BF4B-00C04F79EFBC}") = "Naxam.WheelPicker", "WheelPicker\Naxam.WheelPicker.csproj", "{BFCB7703-C35F-4A65-9895-0E08036A34DE}"
EndProject
Project("{FAE04EC0-301F-11D3-BF4B-00C04F79EFBC}") = "Demo", "Demo\Demo.csproj", "{FF957CAE-208E-4F14-ABD7-9669F3176271}"
EndProject
Global
	GlobalSection(SolutionConfigurationPlatforms) = preSolution
		Debug|Any CPU = Debug|Any CPU
		Release|Any CPU = Release|Any CPU
	EndGlobalSection
	GlobalSection(ProjectConfigurationPlatforms) = postSolution
		{BFCB7703-C35F-4A65-9895-0E08036A34DE}.Debug|Any CPU.ActiveCfg = Debug|Any CPU
		{BFCB7703-C35F-4A65-9895-0E08036A34DE}.Debug|Any CPU.Build.0 = Debug|Any CPU
		{BFCB7703-C35F-4A65-9895-0E08036A34DE}.Release|Any CPU.ActiveCfg = Release|Any CPU
		{BFCB7703-C35F-4A65-9895-0E08036A34DE}.Release|Any CPU.Build.0 = Release|Any CPU
		{FF957CAE-208E-4F14-ABD7-9669F3176271}.Debug|Any CPU.ActiveCfg = Debug|Any CPU
		{FF957CAE-208E-4F14-ABD7-9669F3176271}.Debug|Any CPU.Build.0 = Debug|Any CPU
		{FF957CAE-208E-4F14-ABD7-9669F3176271}.Debug|Any CPU.Deploy.0 = Debug|Any CPU
		{FF957CAE-208E-4F14-ABD7-9669F3176271}.Release|Any CPU.ActiveCfg = Release|Any CPU
		{FF957CAE-208E-4F14-ABD7-9669F3176271}.Release|Any CPU.Build.0 = Release|Any CPU
		{FF957CAE-208E-4F14-ABD7-9669F3176271}.Release|Any CPU.Deploy.0 = Release|Any CPU
	EndGlobalSection
	GlobalSection(SolutionProperties) = preSolution
		HideSolutionNode = FALSE
	EndGlobalSection
EndGlobal
